
Microsoft Visual Studio Solution File, Format Version 12.00
# Visual Studio Version 17
VisualStudioVersion = 17.5.33516.290
MinimumVisualStudioVersion = 10.0.40219.1
Project("{FAE04EC0-301F-11D3-BF4B-00C04F79EFBC}") = "Calculator", "Calculator\Calculator.csproj", "{14CC02C5-E3C6-4497-BA1C-63B57A730BD0}"
EndProject
Global
	GlobalSection(SolutionConfigurationPlatforms) = preSolution
		Debug|Any CPU = Debug|Any CPU
		Release|Any CPU = Release|Any CPU
	EndGlobalSection
	GlobalSection(ProjectConfigurationPlatforms) = postSolution
		{14CC02C5-E3C6-4497-BA1C-63B57A730BD0}.Debug|Any CPU.ActiveCfg = Debug|Any CPU
		{14CC02C5-E3C6-4497-BA1C-63B57A730BD0}.Debug|Any CPU.Build.0 = Debug|Any CPU
		{14CC02C5-E3C6-4497-BA1C-63B57A730BD0}.Release|Any CPU.ActiveCfg = Release|Any CPU
		{14CC02C5-E3C6-4497-BA1C-63B57A730BD0}.Release|Any CPU.Build.0 = Release|Any CPU
	EndGlobalSection
	GlobalSection(SolutionProperties) = preSolution
		HideSolutionNode = FALSE
	EndGlobalSection
	GlobalSection(ExtensibilityGlobals) = postSolution
		SolutionGuid = {20E55C0A-7AEA-4AB9-B077-BB0D4071F540}
	EndGlobalSection
EndGlobal
